
Microsoft Visual Studio Solution File, Format Version 12.00
# Visual Studio 14
VisualStudioVersion = 14.0.25420.1
MinimumVisualStudioVersion = 10.0.40219.1
Project("{2150E333-8FDC-42A3-9474-1A3956D46DE8}") = "SetupDemoData", "SetupDemoData", "{498638CD-393B-4FD0-AA4F-70ED2445C351}"
EndProject
Project("{FAE04EC0-301F-11D3-BF4B-00C04F79EFBC}") = "SetupAzureData", "SetupAzureData\SetupAzureData.csproj", "{C293ACD5-D7DD-4F73-8604-E30031654229}"
EndProject
Project("{FAE04EC0-301F-11D3-BF4B-00C04F79EFBC}") = "GPSImageTag", "GPSImageTag\GPSImageTag\GPSImageTag.csproj", "{13DDF076-78CB-4E19-BD93-43091A092319}"
EndProject
Project("{FAE04EC0-301F-11D3-BF4B-00C04F79EFBC}") = "GPSImageTag.Droid", "GPSImageTag\GPSImageTag.Droid\GPSImageTag.Droid.csproj", "{B386CC5C-D7FE-42BD-9FFD-32F9471DBDD8}"
EndProject
Project("{FAE04EC0-301F-11D3-BF4B-00C04F79EFBC}") = "GPSImageTag.iOS", "GPSImageTag\GPSImageTag.iOS\GPSImageTag.iOS.csproj", "{796B7473-23B8-445A-8FA9-525DFE9A2CE7}"
EndProject
Project("{FAE04EC0-301F-11D3-BF4B-00C04F79EFBC}") = "GPSImageTag.UWP", "GPSImageTag\GPSImageTag.UWP\GPSImageTag.UWP.csproj", "{9FBE04D4-E1B8-4756-BD4B-3DB344F9F5EA}"
EndProject
Project("{2150E333-8FDC-42A3-9474-1A3956D46DE8}") = "Xamarin.Forms", "Xamarin.Forms", "{ECDA70EA-2968-4E02-9D31-B798FD3179DE}"
EndProject
Project("{FAE04EC0-301F-11D3-BF4B-00C04F79EFBC}") = "GPSImageTag.Core", "GPSImageTag.Core\GPSImageTag.Core.csproj", "{B821DDA1-ED82-4FB7-8A7A-91614172EE0F}"
EndProject
Project("{D954291E-2A0B-460D-934E-DC6B0785DB48}") = "GPSImageTag.Shared.Api", "GPSImageTag.Shared.Api\GPSImageTag.Shared.Api\GPSImageTag.Shared.Api.shproj", "{CF0B515D-AC0D-47B5-81A0-2030D5CEE78C}"
EndProject
Project("{2150E333-8FDC-42A3-9474-1A3956D46DE8}") = "Apps", "Apps", "{00F805D4-655D-4042-BB7E-C8C90B519D9E}"
EndProject
Project("{2150E333-8FDC-42A3-9474-1A3956D46DE8}") = "Heads", "Heads", "{E5DC4A5A-DD91-4DF4-9E1E-DCE0448D80DB}"
EndProject
Project("{2150E333-8FDC-42A3-9474-1A3956D46DE8}") = "UI", "UI", "{79BFAC54-32B1-4977-999F-2672ACE3185E}"
EndProject
Project("{2150E333-8FDC-42A3-9474-1A3956D46DE8}") = "Portable", "Portable", "{17645105-2918-43A8-857D-239A619C26F0}"
EndProject
Project("{2150E333-8FDC-42A3-9474-1A3956D46DE8}") = "Core", "Core", "{10D0A22B-F787-4D5A-9CC1-45C785E31BA9}"
EndProject
Project("{2150E333-8FDC-42A3-9474-1A3956D46DE8}") = "ViewModels", "ViewModels", "{EBD2FEEA-24BD-4481-9897-7D2437FD0F45}"
EndProject
Project("{FAE04EC0-301F-11D3-BF4B-00C04F79EFBC}") = "GPSImageTag.ViewModels", "GPSImageTag.ViewModels\GPSImageTag.ViewModels.csproj", "{F0B08EB5-D655-487A-B9F8-B29CF4451875}"
EndProject
Global
	GlobalSection(SharedMSBuildProjectFiles) = preSolution
		GPSImageTag.Shared.Api\GPSImageTag.Shared.Api\GPSImageTag.Shared.Api.projitems*{796b7473-23b8-445a-8fa9-525dfe9a2ce7}*SharedItemsImports = 4
		GPSImageTag.Shared.Api\GPSImageTag.Shared.Api\GPSImageTag.Shared.Api.projitems*{9fbe04d4-e1b8-4756-bd4b-3db344f9f5ea}*SharedItemsImports = 4
		GPSImageTag.Shared.Api\GPSImageTag.Shared.Api\GPSImageTag.Shared.Api.projitems*{b386cc5c-d7fe-42bd-9ffd-32f9471dbdd8}*SharedItemsImports = 4
		GPSImageTag.Shared.Api\GPSImageTag.Shared.Api\GPSImageTag.Shared.Api.projitems*{cf0b515d-ac0d-47b5-81a0-2030d5cee78c}*SharedItemsImports = 13
	EndGlobalSection
	GlobalSection(SolutionConfigurationPlatforms) = preSolution
		Ad-Hoc|Any CPU = Ad-Hoc|Any CPU
		Ad-Hoc|ARM = Ad-Hoc|ARM
		Ad-Hoc|iPhone = Ad-Hoc|iPhone
		Ad-Hoc|iPhoneSimulator = Ad-Hoc|iPhoneSimulator
		Ad-Hoc|x64 = Ad-Hoc|x64
		Ad-Hoc|x86 = Ad-Hoc|x86
		AppStore|Any CPU = AppStore|Any CPU
		AppStore|ARM = AppStore|ARM
		AppStore|iPhone = AppStore|iPhone
		AppStore|iPhoneSimulator = AppStore|iPhoneSimulator
		AppStore|x64 = AppStore|x64
		AppStore|x86 = AppStore|x86
		Debug|Any CPU = Debug|Any CPU
		Debug|ARM = Debug|ARM
		Debug|iPhone = Debug|iPhone
		Debug|iPhoneSimulator = Debug|iPhoneSimulator
		Debug|x64 = Debug|x64
		Debug|x86 = Debug|x86
		Release|Any CPU = Release|Any CPU
		Release|ARM = Release|ARM
		Release|iPhone = Release|iPhone
		Release|iPhoneSimulator = Release|iPhoneSimulator
		Release|x64 = Release|x64
		Release|x86 = Release|x86
	EndGlobalSection
	GlobalSection(ProjectConfigurationPlatforms) = postSolution
		{C293ACD5-D7DD-4F73-8604-E30031654229}.Ad-Hoc|Any CPU.ActiveCfg = Release|Any CPU
		{C293ACD5-D7DD-4F73-8604-E30031654229}.Ad-Hoc|Any CPU.Build.0 = Release|Any CPU
		{C293ACD5-D7DD-4F73-8604-E30031654229}.Ad-Hoc|ARM.ActiveCfg = Release|Any CPU
		{C293ACD5-D7DD-4F73-8604-E30031654229}.Ad-Hoc|ARM.Build.0 = Release|Any CPU
		{C293ACD5-D7DD-4F73-8604-E30031654229}.Ad-Hoc|iPhone.ActiveCfg = Release|Any CPU
		{C293ACD5-D7DD-4F73-8604-E30031654229}.Ad-Hoc|iPhone.Build.0 = Release|Any CPU
		{C293ACD5-D7DD-4F73-8604-E30031654229}.Ad-Hoc|iPhoneSimulator.ActiveCfg = Release|Any CPU
		{C293ACD5-D7DD-4F73-8604-E30031654229}.Ad-Hoc|iPhoneSimulator.Build.0 = Release|Any CPU
		{C293ACD5-D7DD-4F73-8604-E30031654229}.Ad-Hoc|x64.ActiveCfg = Release|Any CPU
		{C293ACD5-D7DD-4F73-8604-E30031654229}.Ad-Hoc|x64.Build.0 = Release|Any CPU
		{C293ACD5-D7DD-4F73-8604-E30031654229}.Ad-Hoc|x86.ActiveCfg = Release|Any CPU
		{C293ACD5-D7DD-4F73-8604-E30031654229}.Ad-Hoc|x86.Build.0 = Release|Any CPU
		{C293ACD5-D7DD-4F73-8604-E30031654229}.AppStore|Any CPU.ActiveCfg = Release|Any CPU
		{C293ACD5-D7DD-4F73-8604-E30031654229}.AppStore|Any CPU.Build.0 = Release|Any CPU
		{C293ACD5-D7DD-4F73-8604-E30031654229}.AppStore|ARM.ActiveCfg = Release|Any CPU
		{C293ACD5-D7DD-4F73-8604-E30031654229}.AppStore|ARM.Build.0 = Release|Any CPU
		{C293ACD5-D7DD-4F73-8604-E30031654229}.AppStore|iPhone.ActiveCfg = Release|Any CPU
		{C293ACD5-D7DD-4F73-8604-E30031654229}.AppStore|iPhone.Build.0 = Release|Any CPU
		{C293ACD5-D7DD-4F73-8604-E30031654229}.AppStore|iPhoneSimulator.ActiveCfg = Release|Any CPU
		{C293ACD5-D7DD-4F73-8604-E30031654229}.AppStore|iPhoneSimulator.Build.0 = Release|Any CPU
		{C293ACD5-D7DD-4F73-8604-E30031654229}.AppStore|x64.ActiveCfg = Release|Any CPU
		{C293ACD5-D7DD-4F73-8604-E30031654229}.AppStore|x64.Build.0 = Release|Any CPU
		{C293ACD5-D7DD-4F73-8604-E30031654229}.AppStore|x86.ActiveCfg = Release|Any CPU
		{C293ACD5-D7DD-4F73-8604-E30031654229}.AppStore|x86.Build.0 = Release|Any CPU
		{C293ACD5-D7DD-4F73-8604-E30031654229}.Debug|Any CPU.ActiveCfg = Debug|Any CPU
		{C293ACD5-D7DD-4F73-8604-E30031654229}.Debug|Any CPU.Build.0 = Debug|Any CPU
		{C293ACD5-D7DD-4F73-8604-E30031654229}.Debug|ARM.ActiveCfg = Debug|Any CPU
		{C293ACD5-D7DD-4F73-8604-E30031654229}.Debug|ARM.Build.0 = Debug|Any CPU
		{C293ACD5-D7DD-4F73-8604-E30031654229}.Debug|iPhone.ActiveCfg = Debug|Any CPU
		{C293ACD5-D7DD-4F73-8604-E30031654229}.Debug|iPhone.Build.0 = Debug|Any CPU
		{C293ACD5-D7DD-4F73-8604-E30031654229}.Debug|iPhoneSimulator.ActiveCfg = Debug|Any CPU
		{C293ACD5-D7DD-4F73-8604-E30031654229}.Debug|iPhoneSimulator.Build.0 = Debug|Any CPU
		{C293ACD5-D7DD-4F73-8604-E30031654229}.Debug|x64.ActiveCfg = Debug|Any CPU
		{C293ACD5-D7DD-4F73-8604-E30031654229}.Debug|x64.Build.0 = Debug|Any CPU
		{C293ACD5-D7DD-4F73-8604-E30031654229}.Debug|x86.ActiveCfg = Debug|Any CPU
		{C293ACD5-D7DD-4F73-8604-E30031654229}.Debug|x86.Build.0 = Debug|Any CPU
		{C293ACD5-D7DD-4F73-8604-E30031654229}.Release|Any CPU.ActiveCfg = Release|Any CPU
		{C293ACD5-D7DD-4F73-8604-E30031654229}.Release|Any CPU.Build.0 = Release|Any CPU
		{C293ACD5-D7DD-4F73-8604-E30031654229}.Release|ARM.ActiveCfg = Release|Any CPU
		{C293ACD5-D7DD-4F73-8604-E30031654229}.Release|ARM.Build.0 = Release|Any CPU
		{C293ACD5-D7DD-4F73-8604-E30031654229}.Release|iPhone.ActiveCfg = Release|Any CPU
		{C293ACD5-D7DD-4F73-8604-E30031654229}.Release|iPhone.Build.0 = Release|Any CPU
		{C293ACD5-D7DD-4F73-8604-E30031654229}.Release|iPhoneSimulator.ActiveCfg = Release|Any CPU
		{C293ACD5-D7DD-4F73-8604-E30031654229}.Release|iPhoneSimulator.Build.0 = Release|Any CPU
		{C293ACD5-D7DD-4F73-8604-E30031654229}.Release|x64.ActiveCfg = Release|Any CPU
		{C293ACD5-D7DD-4F73-8604-E30031654229}.Release|x64.Build.0 = Release|Any CPU
		{C293ACD5-D7DD-4F73-8604-E30031654229}.Release|x86.ActiveCfg = Release|Any CPU
		{C293ACD5-D7DD-4F73-8604-E30031654229}.Release|x86.Build.0 = Release|Any CPU
		{13DDF076-78CB-4E19-BD93-43091A092319}.Ad-Hoc|Any CPU.ActiveCfg = Release|Any CPU
		{13DDF076-78CB-4E19-BD93-43091A092319}.Ad-Hoc|Any CPU.Build.0 = Release|Any CPU
		{13DDF076-78CB-4E19-BD93-43091A092319}.Ad-Hoc|ARM.ActiveCfg = Release|Any CPU
		{13DDF076-78CB-4E19-BD93-43091A092319}.Ad-Hoc|ARM.Build.0 = Release|Any CPU
		{13DDF076-78CB-4E19-BD93-43091A092319}.Ad-Hoc|iPhone.ActiveCfg = Release|Any CPU
		{13DDF076-78CB-4E19-BD93-43091A092319}.Ad-Hoc|iPhone.Build.0 = Release|Any CPU
		{13DDF076-78CB-4E19-BD93-43091A092319}.Ad-Hoc|iPhoneSimulator.ActiveCfg = Release|Any CPU
		{13DDF076-78CB-4E19-BD93-43091A092319}.Ad-Hoc|iPhoneSimulator.Build.0 = Release|Any CPU
		{13DDF076-78CB-4E19-BD93-43091A092319}.Ad-Hoc|x64.ActiveCfg = Release|Any CPU
		{13DDF076-78CB-4E19-BD93-43091A092319}.Ad-Hoc|x64.Build.0 = Release|Any CPU
		{13DDF076-78CB-4E19-BD93-43091A092319}.Ad-Hoc|x86.ActiveCfg = Release|Any CPU
		{13DDF076-78CB-4E19-BD93-43091A092319}.Ad-Hoc|x86.Build.0 = Release|Any CPU
		{13DDF076-78CB-4E19-BD93-43091A092319}.AppStore|Any CPU.ActiveCfg = Release|Any CPU
		{13DDF076-78CB-4E19-BD93-43091A092319}.AppStore|Any CPU.Build.0 = Release|Any CPU
		{13DDF076-78CB-4E19-BD93-43091A092319}.AppStore|ARM.ActiveCfg = Release|Any CPU
		{13DDF076-78CB-4E19-BD93-43091A092319}.AppStore|ARM.Build.0 = Release|Any CPU
		{13DDF076-78CB-4E19-BD93-43091A092319}.AppStore|iPhone.ActiveCfg = Release|Any CPU
		{13DDF076-78CB-4E19-BD93-43091A092319}.AppStore|iPhone.Build.0 = Release|Any CPU
		{13DDF076-78CB-4E19-BD93-43091A092319}.AppStore|iPhoneSimulator.ActiveCfg = Release|Any CPU
		{13DDF076-78CB-4E19-BD93-43091A092319}.AppStore|iPhoneSimulator.Build.0 = Release|Any CPU
		{13DDF076-78CB-4E19-BD93-43091A092319}.AppStore|x64.ActiveCfg = Release|Any CPU
		{13DDF076-78CB-4E19-BD93-43091A092319}.AppStore|x64.Build.0 = Release|Any CPU
		{13DDF076-78CB-4E19-BD93-43091A092319}.AppStore|x86.ActiveCfg = Release|Any CPU
		{13DDF076-78CB-4E19-BD93-43091A092319}.AppStore|x86.Build.0 = Release|Any CPU
		{13DDF076-78CB-4E19-BD93-43091A092319}.Debug|Any CPU.ActiveCfg = Debug|Any CPU
		{13DDF076-78CB-4E19-BD93-43091A092319}.Debug|Any CPU.Build.0 = Debug|Any CPU
		{13DDF076-78CB-4E19-BD93-43091A092319}.Debug|ARM.ActiveCfg = Debug|Any CPU
		{13DDF076-78CB-4E19-BD93-43091A092319}.Debug|ARM.Build.0 = Debug|Any CPU
		{13DDF076-78CB-4E19-BD93-43091A092319}.Debug|iPhone.ActiveCfg = Debug|Any CPU
		{13DDF076-78CB-4E19-BD93-43091A092319}.Debug|iPhone.Build.0 = Debug|Any CPU
		{13DDF076-78CB-4E19-BD93-43091A092319}.Debug|iPhoneSimulator.ActiveCfg = Debug|Any CPU
		{13DDF076-78CB-4E19-BD93-43091A092319}.Debug|iPhoneSimulator.Build.0 = Debug|Any CPU
		{13DDF076-78CB-4E19-BD93-43091A092319}.Debug|x64.ActiveCfg = Debug|Any CPU
		{13DDF076-78CB-4E19-BD93-43091A092319}.Debug|x64.Build.0 = Debug|Any CPU
		{13DDF076-78CB-4E19-BD93-43091A092319}.Debug|x86.ActiveCfg = Debug|Any CPU
		{13DDF076-78CB-4E19-BD93-43091A092319}.Debug|x86.Build.0 = Debug|Any CPU
		{13DDF076-78CB-4E19-BD93-43091A092319}.Release|Any CPU.ActiveCfg = Release|Any CPU
		{13DDF076-78CB-4E19-BD93-43091A092319}.Release|Any CPU.Build.0 = Release|Any CPU
		{13DDF076-78CB-4E19-BD93-43091A092319}.Release|ARM.ActiveCfg = Release|Any CPU
		{13DDF076-78CB-4E19-BD93-43091A092319}.Release|ARM.Build.0 = Release|Any CPU
		{13DDF076-78CB-4E19-BD93-43091A092319}.Release|iPhone.ActiveCfg = Release|Any CPU
		{13DDF076-78CB-4E19-BD93-43091A092319}.Release|iPhone.Build.0 = Release|Any CPU
		{13DDF076-78CB-4E19-BD93-43091A092319}.Release|iPhoneSimulator.ActiveCfg = Release|Any CPU
		{13DDF076-78CB-4E19-BD93-43091A092319}.Release|iPhoneSimulator.Build.0 = Release|Any CPU
		{13DDF076-78CB-4E19-BD93-43091A092319}.Release|x64.ActiveCfg = Release|Any CPU
		{13DDF076-78CB-4E19-BD93-43091A092319}.Release|x64.Build.0 = Release|Any CPU
		{13DDF076-78CB-4E19-BD93-43091A092319}.Release|x86.ActiveCfg = Release|Any CPU
		{13DDF076-78CB-4E19-BD93-43091A092319}.Release|x86.Build.0 = Release|Any CPU
		{B386CC5C-D7FE-42BD-9FFD-32F9471DBDD8}.Ad-Hoc|Any CPU.ActiveCfg = Release|Any CPU
		{B386CC5C-D7FE-42BD-9FFD-32F9471DBDD8}.Ad-Hoc|Any CPU.Build.0 = Release|Any CPU
		{B386CC5C-D7FE-42BD-9FFD-32F9471DBDD8}.Ad-Hoc|Any CPU.Deploy.0 = Release|Any CPU
		{B386CC5C-D7FE-42BD-9FFD-32F9471DBDD8}.Ad-Hoc|ARM.ActiveCfg = Release|Any CPU
		{B386CC5C-D7FE-42BD-9FFD-32F9471DBDD8}.Ad-Hoc|ARM.Build.0 = Release|Any CPU
		{B386CC5C-D7FE-42BD-9FFD-32F9471DBDD8}.Ad-Hoc|ARM.Deploy.0 = Release|Any CPU
		{B386CC5C-D7FE-42BD-9FFD-32F9471DBDD8}.Ad-Hoc|iPhone.ActiveCfg = Release|Any CPU
		{B386CC5C-D7FE-42BD-9FFD-32F9471DBDD8}.Ad-Hoc|iPhone.Build.0 = Release|Any CPU
		{B386CC5C-D7FE-42BD-9FFD-32F9471DBDD8}.Ad-Hoc|iPhone.Deploy.0 = Release|Any CPU
		{B386CC5C-D7FE-42BD-9FFD-32F9471DBDD8}.Ad-Hoc|iPhoneSimulator.ActiveCfg = Release|Any CPU
		{B386CC5C-D7FE-42BD-9FFD-32F9471DBDD8}.Ad-Hoc|iPhoneSimulator.Build.0 = Release|Any CPU
		{B386CC5C-D7FE-42BD-9FFD-32F9471DBDD8}.Ad-Hoc|iPhoneSimulator.Deploy.0 = Release|Any CPU
		{B386CC5C-D7FE-42BD-9FFD-32F9471DBDD8}.Ad-Hoc|x64.ActiveCfg = Release|Any CPU
		{B386CC5C-D7FE-42BD-9FFD-32F9471DBDD8}.Ad-Hoc|x64.Build.0 = Release|Any CPU
		{B386CC5C-D7FE-42BD-9FFD-32F9471DBDD8}.Ad-Hoc|x64.Deploy.0 = Release|Any CPU
		{B386CC5C-D7FE-42BD-9FFD-32F9471DBDD8}.Ad-Hoc|x86.ActiveCfg = Release|Any CPU
		{B386CC5C-D7FE-42BD-9FFD-32F9471DBDD8}.Ad-Hoc|x86.Build.0 = Release|Any CPU
		{B386CC5C-D7FE-42BD-9FFD-32F9471DBDD8}.Ad-Hoc|x86.Deploy.0 = Release|Any CPU
		{B386CC5C-D7FE-42BD-9FFD-32F9471DBDD8}.AppStore|Any CPU.ActiveCfg = Release|Any CPU
		{B386CC5C-D7FE-42BD-9FFD-32F9471DBDD8}.AppStore|Any CPU.Build.0 = Release|Any CPU
		{B386CC5C-D7FE-42BD-9FFD-32F9471DBDD8}.AppStore|Any CPU.Deploy.0 = Release|Any CPU
		{B386CC5C-D7FE-42BD-9FFD-32F9471DBDD8}.AppStore|ARM.ActiveCfg = Release|Any CPU
		{B386CC5C-D7FE-42BD-9FFD-32F9471DBDD8}.AppStore|ARM.Build.0 = Release|Any CPU
		{B386CC5C-D7FE-42BD-9FFD-32F9471DBDD8}.AppStore|ARM.Deploy.0 = Release|Any CPU
		{B386CC5C-D7FE-42BD-9FFD-32F9471DBDD8}.AppStore|iPhone.ActiveCfg = Release|Any CPU
		{B386CC5C-D7FE-42BD-9FFD-32F9471DBDD8}.AppStore|iPhone.Build.0 = Release|Any CPU
		{B386CC5C-D7FE-42BD-9FFD-32F9471DBDD8}.AppStore|iPhone.Deploy.0 = Release|Any CPU
		{B386CC5C-D7FE-42BD-9FFD-32F9471DBDD8}.AppStore|iPhoneSimulator.ActiveCfg = Release|Any CPU
		{B386CC5C-D7FE-42BD-9FFD-32F9471DBDD8}.AppStore|iPhoneSimulator.Build.0 = Release|Any CPU
		{B386CC5C-D7FE-42BD-9FFD-32F9471DBDD8}.AppStore|iPhoneSimulator.Deploy.0 = Release|Any CPU
		{B386CC5C-D7FE-42BD-9FFD-32F9471DBDD8}.AppStore|x64.ActiveCfg = Release|Any CPU
		{B386CC5C-D7FE-42BD-9FFD-32F9471DBDD8}.AppStore|x64.Build.0 = Release|Any CPU
		{B386CC5C-D7FE-42BD-9FFD-32F9471DBDD8}.AppStore|x64.Deploy.0 = Release|Any CPU
		{B386CC5C-D7FE-42BD-9FFD-32F9471DBDD8}.AppStore|x86.ActiveCfg = Release|Any CPU
		{B386CC5C-D7FE-42BD-9FFD-32F9471DBDD8}.AppStore|x86.Build.0 = Release|Any CPU
		{B386CC5C-D7FE-42BD-9FFD-32F9471DBDD8}.AppStore|x86.Deploy.0 = Release|Any CPU
		{B386CC5C-D7FE-42BD-9FFD-32F9471DBDD8}.Debug|Any CPU.ActiveCfg = Debug|Any CPU
		{B386CC5C-D7FE-42BD-9FFD-32F9471DBDD8}.Debug|Any CPU.Build.0 = Debug|Any CPU
		{B386CC5C-D7FE-42BD-9FFD-32F9471DBDD8}.Debug|Any CPU.Deploy.0 = Debug|Any CPU
		{B386CC5C-D7FE-42BD-9FFD-32F9471DBDD8}.Debug|ARM.ActiveCfg = Debug|Any CPU
		{B386CC5C-D7FE-42BD-9FFD-32F9471DBDD8}.Debug|ARM.Build.0 = Debug|Any CPU
		{B386CC5C-D7FE-42BD-9FFD-32F9471DBDD8}.Debug|ARM.Deploy.0 = Debug|Any CPU
		{B386CC5C-D7FE-42BD-9FFD-32F9471DBDD8}.Debug|iPhone.ActiveCfg = Debug|Any CPU
		{B386CC5C-D7FE-42BD-9FFD-32F9471DBDD8}.Debug|iPhone.Build.0 = Debug|Any CPU
		{B386CC5C-D7FE-42BD-9FFD-32F9471DBDD8}.Debug|iPhone.Deploy.0 = Debug|Any CPU
		{B386CC5C-D7FE-42BD-9FFD-32F9471DBDD8}.Debug|iPhoneSimulator.ActiveCfg = Debug|Any CPU
		{B386CC5C-D7FE-42BD-9FFD-32F9471DBDD8}.Debug|iPhoneSimulator.Build.0 = Debug|Any CPU
		{B386CC5C-D7FE-42BD-9FFD-32F9471DBDD8}.Debug|iPhoneSimulator.Deploy.0 = Debug|Any CPU
		{B386CC5C-D7FE-42BD-9FFD-32F9471DBDD8}.Debug|x64.ActiveCfg = Debug|Any CPU
		{B386CC5C-D7FE-42BD-9FFD-32F9471DBDD8}.Debug|x64.Build.0 = Debug|Any CPU
		{B386CC5C-D7FE-42BD-9FFD-32F9471DBDD8}.Debug|x64.Deploy.0 = Debug|Any CPU
		{B386CC5C-D7FE-42BD-9FFD-32F9471DBDD8}.Debug|x86.ActiveCfg = Debug|Any CPU
		{B386CC5C-D7FE-42BD-9FFD-32F9471DBDD8}.Debug|x86.Build.0 = Debug|Any CPU
		{B386CC5C-D7FE-42BD-9FFD-32F9471DBDD8}.Debug|x86.Deploy.0 = Debug|Any CPU
		{B386CC5C-D7FE-42BD-9FFD-32F9471DBDD8}.Release|Any CPU.ActiveCfg = Release|Any CPU
		{B386CC5C-D7FE-42BD-9FFD-32F9471DBDD8}.Release|Any CPU.Build.0 = Release|Any CPU
		{B386CC5C-D7FE-42BD-9FFD-32F9471DBDD8}.Release|Any CPU.Deploy.0 = Release|Any CPU
		{B386CC5C-D7FE-42BD-9FFD-32F9471DBDD8}.Release|ARM.ActiveCfg = Release|Any CPU
		{B386CC5C-D7FE-42BD-9FFD-32F9471DBDD8}.Release|ARM.Build.0 = Release|Any CPU
		{B386CC5C-D7FE-42BD-9FFD-32F9471DBDD8}.Release|ARM.Deploy.0 = Release|Any CPU
		{B386CC5C-D7FE-42BD-9FFD-32F9471DBDD8}.Release|iPhone.ActiveCfg = Release|Any CPU
		{B386CC5C-D7FE-42BD-9FFD-32F9471DBDD8}.Release|iPhone.Build.0 = Release|Any CPU
		{B386CC5C-D7FE-42BD-9FFD-32F9471DBDD8}.Release|iPhone.Deploy.0 = Release|Any CPU
		{B386CC5C-D7FE-42BD-9FFD-32F9471DBDD8}.Release|iPhoneSimulator.ActiveCfg = Release|Any CPU
		{B386CC5C-D7FE-42BD-9FFD-32F9471DBDD8}.Release|iPhoneSimulator.Build.0 = Release|Any CPU
		{B386CC5C-D7FE-42BD-9FFD-32F9471DBDD8}.Release|iPhoneSimulator.Deploy.0 = Release|Any CPU
		{B386CC5C-D7FE-42BD-9FFD-32F9471DBDD8}.Release|x64.ActiveCfg = Release|Any CPU
		{B386CC5C-D7FE-42BD-9FFD-32F9471DBDD8}.Release|x64.Build.0 = Release|Any CPU
		{B386CC5C-D7FE-42BD-9FFD-32F9471DBDD8}.Release|x64.Deploy.0 = Release|Any CPU
		{B386CC5C-D7FE-42BD-9FFD-32F9471DBDD8}.Release|x86.ActiveCfg = Release|Any CPU
		{B386CC5C-D7FE-42BD-9FFD-32F9471DBDD8}.Release|x86.Build.0 = Release|Any CPU
		{B386CC5C-D7FE-42BD-9FFD-32F9471DBDD8}.Release|x86.Deploy.0 = Release|Any CPU
		{796B7473-23B8-445A-8FA9-525DFE9A2CE7}.Ad-Hoc|Any CPU.ActiveCfg = Ad-Hoc|iPhone
		{796B7473-23B8-445A-8FA9-525DFE9A2CE7}.Ad-Hoc|ARM.ActiveCfg = Ad-Hoc|iPhone
		{796B7473-23B8-445A-8FA9-525DFE9A2CE7}.Ad-Hoc|iPhone.ActiveCfg = Ad-Hoc|iPhone
		{796B7473-23B8-445A-8FA9-525DFE9A2CE7}.Ad-Hoc|iPhone.Build.0 = Ad-Hoc|iPhone
		{796B7473-23B8-445A-8FA9-525DFE9A2CE7}.Ad-Hoc|iPhoneSimulator.ActiveCfg = Ad-Hoc|iPhoneSimulator
		{796B7473-23B8-445A-8FA9-525DFE9A2CE7}.Ad-Hoc|iPhoneSimulator.Build.0 = Ad-Hoc|iPhoneSimulator
		{796B7473-23B8-445A-8FA9-525DFE9A2CE7}.Ad-Hoc|x64.ActiveCfg = Ad-Hoc|iPhone
		{796B7473-23B8-445A-8FA9-525DFE9A2CE7}.Ad-Hoc|x86.ActiveCfg = Ad-Hoc|iPhone
		{796B7473-23B8-445A-8FA9-525DFE9A2CE7}.AppStore|Any CPU.ActiveCfg = AppStore|iPhone
		{796B7473-23B8-445A-8FA9-525DFE9A2CE7}.AppStore|ARM.ActiveCfg = AppStore|iPhone
		{796B7473-23B8-445A-8FA9-525DFE9A2CE7}.AppStore|iPhone.ActiveCfg = AppStore|iPhone
		{796B7473-23B8-445A-8FA9-525DFE9A2CE7}.AppStore|iPhone.Build.0 = AppStore|iPhone
		{796B7473-23B8-445A-8FA9-525DFE9A2CE7}.AppStore|iPhoneSimulator.ActiveCfg = AppStore|iPhoneSimulator
		{796B7473-23B8-445A-8FA9-525DFE9A2CE7}.AppStore|iPhoneSimulator.Build.0 = AppStore|iPhoneSimulator
		{796B7473-23B8-445A-8FA9-525DFE9A2CE7}.AppStore|x64.ActiveCfg = AppStore|iPhone
		{796B7473-23B8-445A-8FA9-525DFE9A2CE7}.AppStore|x86.ActiveCfg = AppStore|iPhone
		{796B7473-23B8-445A-8FA9-525DFE9A2CE7}.Debug|Any CPU.ActiveCfg = Debug|iPhone
		{796B7473-23B8-445A-8FA9-525DFE9A2CE7}.Debug|Any CPU.Build.0 = Debug|iPhone
		{796B7473-23B8-445A-8FA9-525DFE9A2CE7}.Debug|ARM.ActiveCfg = Debug|iPhone
		{796B7473-23B8-445A-8FA9-525DFE9A2CE7}.Debug|iPhone.ActiveCfg = Debug|iPhone
		{796B7473-23B8-445A-8FA9-525DFE9A2CE7}.Debug|iPhone.Build.0 = Debug|iPhone
		{796B7473-23B8-445A-8FA9-525DFE9A2CE7}.Debug|iPhoneSimulator.ActiveCfg = Debug|iPhoneSimulator
		{796B7473-23B8-445A-8FA9-525DFE9A2CE7}.Debug|iPhoneSimulator.Build.0 = Debug|iPhoneSimulator
		{796B7473-23B8-445A-8FA9-525DFE9A2CE7}.Debug|x64.ActiveCfg = Debug|iPhone
		{796B7473-23B8-445A-8FA9-525DFE9A2CE7}.Debug|x86.ActiveCfg = Debug|iPhone
		{796B7473-23B8-445A-8FA9-525DFE9A2CE7}.Release|Any CPU.ActiveCfg = Release|iPhone
		{796B7473-23B8-445A-8FA9-525DFE9A2CE7}.Release|ARM.ActiveCfg = Release|iPhone
		{796B7473-23B8-445A-8FA9-525DFE9A2CE7}.Release|iPhone.ActiveCfg = Release|iPhone
		{796B7473-23B8-445A-8FA9-525DFE9A2CE7}.Release|iPhone.Build.0 = Release|iPhone
		{796B7473-23B8-445A-8FA9-525DFE9A2CE7}.Release|iPhoneSimulator.ActiveCfg = Release|iPhoneSimulator
		{796B7473-23B8-445A-8FA9-525DFE9A2CE7}.Release|iPhoneSimulator.Build.0 = Release|iPhoneSimulator
		{796B7473-23B8-445A-8FA9-525DFE9A2CE7}.Release|x64.ActiveCfg = Release|iPhone
		{796B7473-23B8-445A-8FA9-525DFE9A2CE7}.Release|x86.ActiveCfg = Release|iPhone
		{9FBE04D4-E1B8-4756-BD4B-3DB344F9F5EA}.Ad-Hoc|Any CPU.ActiveCfg = Release|x86
		{9FBE04D4-E1B8-4756-BD4B-3DB344F9F5EA}.Ad-Hoc|Any CPU.Build.0 = Release|x86
		{9FBE04D4-E1B8-4756-BD4B-3DB344F9F5EA}.Ad-Hoc|Any CPU.Deploy.0 = Release|x86
		{9FBE04D4-E1B8-4756-BD4B-3DB344F9F5EA}.Ad-Hoc|ARM.ActiveCfg = Release|ARM
		{9FBE04D4-E1B8-4756-BD4B-3DB344F9F5EA}.Ad-Hoc|ARM.Build.0 = Release|ARM
		{9FBE04D4-E1B8-4756-BD4B-3DB344F9F5EA}.Ad-Hoc|ARM.Deploy.0 = Release|ARM
		{9FBE04D4-E1B8-4756-BD4B-3DB344F9F5EA}.Ad-Hoc|iPhone.ActiveCfg = Release|x86
		{9FBE04D4-E1B8-4756-BD4B-3DB344F9F5EA}.Ad-Hoc|iPhone.Build.0 = Release|x86
		{9FBE04D4-E1B8-4756-BD4B-3DB344F9F5EA}.Ad-Hoc|iPhone.Deploy.0 = Release|x86
		{9FBE04D4-E1B8-4756-BD4B-3DB344F9F5EA}.Ad-Hoc|iPhoneSimulator.ActiveCfg = Release|x86
		{9FBE04D4-E1B8-4756-BD4B-3DB344F9F5EA}.Ad-Hoc|iPhoneSimulator.Build.0 = Release|x86
		{9FBE04D4-E1B8-4756-BD4B-3DB344F9F5EA}.Ad-Hoc|iPhoneSimulator.Deploy.0 = Release|x86
		{9FBE04D4-E1B8-4756-BD4B-3DB344F9F5EA}.Ad-Hoc|x64.ActiveCfg = Release|x64
		{9FBE04D4-E1B8-4756-BD4B-3DB344F9F5EA}.Ad-Hoc|x64.Build.0 = Release|x64
		{9FBE04D4-E1B8-4756-BD4B-3DB344F9F5EA}.Ad-Hoc|x64.Deploy.0 = Release|x64
		{9FBE04D4-E1B8-4756-BD4B-3DB344F9F5EA}.Ad-Hoc|x86.ActiveCfg = Release|x86
		{9FBE04D4-E1B8-4756-BD4B-3DB344F9F5EA}.Ad-Hoc|x86.Build.0 = Release|x86
		{9FBE04D4-E1B8-4756-BD4B-3DB344F9F5EA}.Ad-Hoc|x86.Deploy.0 = Release|x86
		{9FBE04D4-E1B8-4756-BD4B-3DB344F9F5EA}.AppStore|Any CPU.ActiveCfg = Release|x86
		{9FBE04D4-E1B8-4756-BD4B-3DB344F9F5EA}.AppStore|Any CPU.Build.0 = Release|x86
		{9FBE04D4-E1B8-4756-BD4B-3DB344F9F5EA}.AppStore|Any CPU.Deploy.0 = Release|x86
		{9FBE04D4-E1B8-4756-BD4B-3DB344F9F5EA}.AppStore|ARM.ActiveCfg = Release|ARM
		{9FBE04D4-E1B8-4756-BD4B-3DB344F9F5EA}.AppStore|ARM.Build.0 = Release|ARM
		{9FBE04D4-E1B8-4756-BD4B-3DB344F9F5EA}.AppStore|ARM.Deploy.0 = Release|ARM
		{9FBE04D4-E1B8-4756-BD4B-3DB344F9F5EA}.AppStore|iPhone.ActiveCfg = Release|x86
		{9FBE04D4-E1B8-4756-BD4B-3DB344F9F5EA}.AppStore|iPhone.Build.0 = Release|x86
		{9FBE04D4-E1B8-4756-BD4B-3DB344F9F5EA}.AppStore|iPhone.Deploy.0 = Release|x86
		{9FBE04D4-E1B8-4756-BD4B-3DB344F9F5EA}.AppStore|iPhoneSimulator.ActiveCfg = Release|x86
		{9FBE04D4-E1B8-4756-BD4B-3DB344F9F5EA}.AppStore|iPhoneSimulator.Build.0 = Release|x86
		{9FBE04D4-E1B8-4756-BD4B-3DB344F9F5EA}.AppStore|iPhoneSimulator.Deploy.0 = Release|x86
		{9FBE04D4-E1B8-4756-BD4B-3DB344F9F5EA}.AppStore|x64.ActiveCfg = Release|x64
		{9FBE04D4-E1B8-4756-BD4B-3DB344F9F5EA}.AppStore|x64.Build.0 = Release|x64
		{9FBE04D4-E1B8-4756-BD4B-3DB344F9F5EA}.AppStore|x64.Deploy.0 = Release|x64
		{9FBE04D4-E1B8-4756-BD4B-3DB344F9F5EA}.AppStore|x86.ActiveCfg = Release|x86
		{9FBE04D4-E1B8-4756-BD4B-3DB344F9F5EA}.AppStore|x86.Build.0 = Release|x86
		{9FBE04D4-E1B8-4756-BD4B-3DB344F9F5EA}.AppStore|x86.Deploy.0 = Release|x86
		{9FBE04D4-E1B8-4756-BD4B-3DB344F9F5EA}.Debug|Any CPU.ActiveCfg = Debug|x86
		{9FBE04D4-E1B8-4756-BD4B-3DB344F9F5EA}.Debug|Any CPU.Build.0 = Debug|x86
		{9FBE04D4-E1B8-4756-BD4B-3DB344F9F5EA}.Debug|Any CPU.Deploy.0 = Debug|x86
		{9FBE04D4-E1B8-4756-BD4B-3DB344F9F5EA}.Debug|ARM.ActiveCfg = Debug|ARM
		{9FBE04D4-E1B8-4756-BD4B-3DB344F9F5EA}.Debug|ARM.Build.0 = Debug|ARM
		{9FBE04D4-E1B8-4756-BD4B-3DB344F9F5EA}.Debug|ARM.Deploy.0 = Debug|ARM
		{9FBE04D4-E1B8-4756-BD4B-3DB344F9F5EA}.Debug|iPhone.ActiveCfg = Debug|x86
		{9FBE04D4-E1B8-4756-BD4B-3DB344F9F5EA}.Debug|iPhone.Build.0 = Debug|x86
		{9FBE04D4-E1B8-4756-BD4B-3DB344F9F5EA}.Debug|iPhone.Deploy.0 = Debug|x86
		{9FBE04D4-E1B8-4756-BD4B-3DB344F9F5EA}.Debug|iPhoneSimulator.ActiveCfg = Debug|x86
		{9FBE04D4-E1B8-4756-BD4B-3DB344F9F5EA}.Debug|iPhoneSimulator.Build.0 = Debug|x86
		{9FBE04D4-E1B8-4756-BD4B-3DB344F9F5EA}.Debug|iPhoneSimulator.Deploy.0 = Debug|x86
		{9FBE04D4-E1B8-4756-BD4B-3DB344F9F5EA}.Debug|x64.ActiveCfg = Debug|x64
		{9FBE04D4-E1B8-4756-BD4B-3DB344F9F5EA}.Debug|x64.Build.0 = Debug|x64
		{9FBE04D4-E1B8-4756-BD4B-3DB344F9F5EA}.Debug|x64.Deploy.0 = Debug|x64
		{9FBE04D4-E1B8-4756-BD4B-3DB344F9F5EA}.Debug|x86.ActiveCfg = Debug|x86
		{9FBE04D4-E1B8-4756-BD4B-3DB344F9F5EA}.Debug|x86.Build.0 = Debug|x86
		{9FBE04D4-E1B8-4756-BD4B-3DB344F9F5EA}.Debug|x86.Deploy.0 = Debug|x86
		{9FBE04D4-E1B8-4756-BD4B-3DB344F9F5EA}.Release|Any CPU.ActiveCfg = Release|x86
		{9FBE04D4-E1B8-4756-BD4B-3DB344F9F5EA}.Release|ARM.ActiveCfg = Release|ARM
		{9FBE04D4-E1B8-4756-BD4B-3DB344F9F5EA}.Release|ARM.Build.0 = Release|ARM
		{9FBE04D4-E1B8-4756-BD4B-3DB344F9F5EA}.Release|ARM.Deploy.0 = Release|ARM
		{9FBE04D4-E1B8-4756-BD4B-3DB344F9F5EA}.Release|iPhone.ActiveCfg = Release|x86
		{9FBE04D4-E1B8-4756-BD4B-3DB344F9F5EA}.Release|iPhoneSimulator.ActiveCfg = Release|x86
		{9FBE04D4-E1B8-4756-BD4B-3DB344F9F5EA}.Release|x64.ActiveCfg = Release|x64
		{9FBE04D4-E1B8-4756-BD4B-3DB344F9F5EA}.Release|x64.Build.0 = Release|x64
		{9FBE04D4-E1B8-4756-BD4B-3DB344F9F5EA}.Release|x64.Deploy.0 = Release|x64
		{9FBE04D4-E1B8-4756-BD4B-3DB344F9F5EA}.Release|x86.ActiveCfg = Release|x86
		{9FBE04D4-E1B8-4756-BD4B-3DB344F9F5EA}.Release|x86.Build.0 = Release|x86
		{9FBE04D4-E1B8-4756-BD4B-3DB344F9F5EA}.Release|x86.Deploy.0 = Release|x86
		{B821DDA1-ED82-4FB7-8A7A-91614172EE0F}.Ad-Hoc|Any CPU.ActiveCfg = Release|Any CPU
		{B821DDA1-ED82-4FB7-8A7A-91614172EE0F}.Ad-Hoc|Any CPU.Build.0 = Release|Any CPU
		{B821DDA1-ED82-4FB7-8A7A-91614172EE0F}.Ad-Hoc|ARM.ActiveCfg = Release|Any CPU
		{B821DDA1-ED82-4FB7-8A7A-91614172EE0F}.Ad-Hoc|ARM.Build.0 = Release|Any CPU
		{B821DDA1-ED82-4FB7-8A7A-91614172EE0F}.Ad-Hoc|iPhone.ActiveCfg = Release|Any CPU
		{B821DDA1-ED82-4FB7-8A7A-91614172EE0F}.Ad-Hoc|iPhone.Build.0 = Release|Any CPU
		{B821DDA1-ED82-4FB7-8A7A-91614172EE0F}.Ad-Hoc|iPhoneSimulator.ActiveCfg = Release|Any CPU
		{B821DDA1-ED82-4FB7-8A7A-91614172EE0F}.Ad-Hoc|iPhoneSimulator.Build.0 = Release|Any CPU
		{B821DDA1-ED82-4FB7-8A7A-91614172EE0F}.Ad-Hoc|x64.ActiveCfg = Release|Any CPU
		{B821DDA1-ED82-4FB7-8A7A-91614172EE0F}.Ad-Hoc|x64.Build.0 = Release|Any CPU
		{B821DDA1-ED82-4FB7-8A7A-91614172EE0F}.Ad-Hoc|x86.ActiveCfg = Release|Any CPU
		{B821DDA1-ED82-4FB7-8A7A-91614172EE0F}.Ad-Hoc|x86.Build.0 = Release|Any CPU
		{B821DDA1-ED82-4FB7-8A7A-91614172EE0F}.AppStore|Any CPU.ActiveCfg = Release|Any CPU
		{B821DDA1-ED82-4FB7-8A7A-91614172EE0F}.AppStore|Any CPU.Build.0 = Release|Any CPU
		{B821DDA1-ED82-4FB7-8A7A-91614172EE0F}.AppStore|ARM.ActiveCfg = Release|Any CPU
		{B821DDA1-ED82-4FB7-8A7A-91614172EE0F}.AppStore|ARM.Build.0 = Release|Any CPU
		{B821DDA1-ED82-4FB7-8A7A-91614172EE0F}.AppStore|iPhone.ActiveCfg = Release|Any CPU
		{B821DDA1-ED82-4FB7-8A7A-91614172EE0F}.AppStore|iPhone.Build.0 = Release|Any CPU
		{B821DDA1-ED82-4FB7-8A7A-91614172EE0F}.AppStore|iPhoneSimulator.ActiveCfg = Release|Any CPU
		{B821DDA1-ED82-4FB7-8A7A-91614172EE0F}.AppStore|iPhoneSimulator.Build.0 = Release|Any CPU
		{B821DDA1-ED82-4FB7-8A7A-91614172EE0F}.AppStore|x64.ActiveCfg = Release|Any CPU
		{B821DDA1-ED82-4FB7-8A7A-91614172EE0F}.AppStore|x64.Build.0 = Release|Any CPU
		{B821DDA1-ED82-4FB7-8A7A-91614172EE0F}.AppStore|x86.ActiveCfg = Release|Any CPU
		{B821DDA1-ED82-4FB7-8A7A-91614172EE0F}.AppStore|x86.Build.0 = Release|Any CPU
		{B821DDA1-ED82-4FB7-8A7A-91614172EE0F}.Debug|Any CPU.ActiveCfg = Debug|Any CPU
		{B821DDA1-ED82-4FB7-8A7A-91614172EE0F}.Debug|Any CPU.Build.0 = Debug|Any CPU
		{B821DDA1-ED82-4FB7-8A7A-91614172EE0F}.Debug|ARM.ActiveCfg = Debug|Any CPU
		{B821DDA1-ED82-4FB7-8A7A-91614172EE0F}.Debug|ARM.Build.0 = Debug|Any CPU
		{B821DDA1-ED82-4FB7-8A7A-91614172EE0F}.Debug|iPhone.ActiveCfg = Debug|Any CPU
		{B821DDA1-ED82-4FB7-8A7A-91614172EE0F}.Debug|iPhone.Build.0 = Debug|Any CPU
		{B821DDA1-ED82-4FB7-8A7A-91614172EE0F}.Debug|iPhoneSimulator.ActiveCfg = Debug|Any CPU
		{B821DDA1-ED82-4FB7-8A7A-91614172EE0F}.Debug|iPhoneSimulator.Build.0 = Debug|Any CPU
		{B821DDA1-ED82-4FB7-8A7A-91614172EE0F}.Debug|x64.ActiveCfg = Debug|Any CPU
		{B821DDA1-ED82-4FB7-8A7A-91614172EE0F}.Debug|x64.Build.0 = Debug|Any CPU
		{B821DDA1-ED82-4FB7-8A7A-91614172EE0F}.Debug|x86.ActiveCfg = Debug|Any CPU
		{B821DDA1-ED82-4FB7-8A7A-91614172EE0F}.Debug|x86.Build.0 = Debug|Any CPU
		{B821DDA1-ED82-4FB7-8A7A-91614172EE0F}.Release|Any CPU.ActiveCfg = Release|Any CPU
		{B821DDA1-ED82-4FB7-8A7A-91614172EE0F}.Release|Any CPU.Build.0 = Release|Any CPU
		{B821DDA1-ED82-4FB7-8A7A-91614172EE0F}.Release|ARM.ActiveCfg = Release|Any CPU
		{B821DDA1-ED82-4FB7-8A7A-91614172EE0F}.Release|ARM.Build.0 = Release|Any CPU
		{B821DDA1-ED82-4FB7-8A7A-91614172EE0F}.Release|iPhone.ActiveCfg = Release|Any CPU
		{B821DDA1-ED82-4FB7-8A7A-91614172EE0F}.Release|iPhone.Build.0 = Release|Any CPU
		{B821DDA1-ED82-4FB7-8A7A-91614172EE0F}.Release|iPhoneSimulator.ActiveCfg = Release|Any CPU
		{B821DDA1-ED82-4FB7-8A7A-91614172EE0F}.Release|iPhoneSimulator.Build.0 = Release|Any CPU
		{B821DDA1-ED82-4FB7-8A7A-91614172EE0F}.Release|x64.ActiveCfg = Release|Any CPU
		{B821DDA1-ED82-4FB7-8A7A-91614172EE0F}.Release|x64.Build.0 = Release|Any CPU
		{B821DDA1-ED82-4FB7-8A7A-91614172EE0F}.Release|x86.ActiveCfg = Release|Any CPU
		{B821DDA1-ED82-4FB7-8A7A-91614172EE0F}.Release|x86.Build.0 = Release|Any CPU
		{F0B08EB5-D655-487A-B9F8-B29CF4451875}.Ad-Hoc|Any CPU.ActiveCfg = Release|Any CPU
		{F0B08EB5-D655-487A-B9F8-B29CF4451875}.Ad-Hoc|Any CPU.Build.0 = Release|Any CPU
		{F0B08EB5-D655-487A-B9F8-B29CF4451875}.Ad-Hoc|ARM.ActiveCfg = Release|Any CPU
		{F0B08EB5-D655-487A-B9F8-B29CF4451875}.Ad-Hoc|ARM.Build.0 = Release|Any CPU
		{F0B08EB5-D655-487A-B9F8-B29CF4451875}.Ad-Hoc|iPhone.ActiveCfg = Release|Any CPU
		{F0B08EB5-D655-487A-B9F8-B29CF4451875}.Ad-Hoc|iPhone.Build.0 = Release|Any CPU
		{F0B08EB5-D655-487A-B9F8-B29CF4451875}.Ad-Hoc|iPhoneSimulator.ActiveCfg = Release|Any CPU
		{F0B08EB5-D655-487A-B9F8-B29CF4451875}.Ad-Hoc|iPhoneSimulator.Build.0 = Release|Any CPU
		{F0B08EB5-D655-487A-B9F8-B29CF4451875}.Ad-Hoc|x64.ActiveCfg = Release|Any CPU
		{F0B08EB5-D655-487A-B9F8-B29CF4451875}.Ad-Hoc|x64.Build.0 = Release|Any CPU
		{F0B08EB5-D655-487A-B9F8-B29CF4451875}.Ad-Hoc|x86.ActiveCfg = Release|Any CPU
		{F0B08EB5-D655-487A-B9F8-B29CF4451875}.Ad-Hoc|x86.Build.0 = Release|Any CPU
		{F0B08EB5-D655-487A-B9F8-B29CF4451875}.AppStore|Any CPU.ActiveCfg = Release|Any CPU
		{F0B08EB5-D655-487A-B9F8-B29CF4451875}.AppStore|Any CPU.Build.0 = Release|Any CPU
		{F0B08EB5-D655-487A-B9F8-B29CF4451875}.AppStore|ARM.ActiveCfg = Release|Any CPU
		{F0B08EB5-D655-487A-B9F8-B29CF4451875}.AppStore|ARM.Build.0 = Release|Any CPU
		{F0B08EB5-D655-487A-B9F8-B29CF4451875}.AppStore|iPhone.ActiveCfg = Release|Any CPU
		{F0B08EB5-D655-487A-B9F8-B29CF4451875}.AppStore|iPhone.Build.0 = Release|Any CPU
		{F0B08EB5-D655-487A-B9F8-B29CF4451875}.AppStore|iPhoneSimulator.ActiveCfg = Release|Any CPU
		{F0B08EB5-D655-487A-B9F8-B29CF4451875}.AppStore|iPhoneSimulator.Build.0 = Release|Any CPU
		{F0B08EB5-D655-487A-B9F8-B29CF4451875}.AppStore|x64.ActiveCfg = Release|Any CPU
		{F0B08EB5-D655-487A-B9F8-B29CF4451875}.AppStore|x64.Build.0 = Release|Any CPU
		{F0B08EB5-D655-487A-B9F8-B29CF4451875}.AppStore|x86.ActiveCfg = Release|Any CPU
		{F0B08EB5-D655-487A-B9F8-B29CF4451875}.AppStore|x86.Build.0 = Release|Any CPU
		{F0B08EB5-D655-487A-B9F8-B29CF4451875}.Debug|Any CPU.ActiveCfg = Debug|Any CPU
		{F0B08EB5-D655-487A-B9F8-B29CF4451875}.Debug|Any CPU.Build.0 = Debug|Any CPU
		{F0B08EB5-D655-487A-B9F8-B29CF4451875}.Debug|ARM.ActiveCfg = Debug|Any CPU
		{F0B08EB5-D655-487A-B9F8-B29CF4451875}.Debug|ARM.Build.0 = Debug|Any CPU
		{F0B08EB5-D655-487A-B9F8-B29CF4451875}.Debug|iPhone.ActiveCfg = Debug|Any CPU
		{F0B08EB5-D655-487A-B9F8-B29CF4451875}.Debug|iPhone.Build.0 = Debug|Any CPU
		{F0B08EB5-D655-487A-B9F8-B29CF4451875}.Debug|iPhoneSimulator.ActiveCfg = Debug|Any CPU
		{F0B08EB5-D655-487A-B9F8-B29CF4451875}.Debug|iPhoneSimulator.Build.0 = Debug|Any CPU
		{F0B08EB5-D655-487A-B9F8-B29CF4451875}.Debug|x64.ActiveCfg = Debug|Any CPU
		{F0B08EB5-D655-487A-B9F8-B29CF4451875}.Debug|x64.Build.0 = Debug|Any CPU
		{F0B08EB5-D655-487A-B9F8-B29CF4451875}.Debug|x86.ActiveCfg = Debug|Any CPU
		{F0B08EB5-D655-487A-B9F8-B29CF4451875}.Debug|x86.Build.0 = Debug|Any CPU
		{F0B08EB5-D655-487A-B9F8-B29CF4451875}.Release|Any CPU.ActiveCfg = Release|Any CPU
		{F0B08EB5-D655-487A-B9F8-B29CF4451875}.Release|Any CPU.Build.0 = Release|Any CPU
		{F0B08EB5-D655-487A-B9F8-B29CF4451875}.Release|ARM.ActiveCfg = Release|Any CPU
		{F0B08EB5-D655-487A-B9F8-B29CF4451875}.Release|ARM.Build.0 = Release|Any CPU
		{F0B08EB5-D655-487A-B9F8-B29CF4451875}.Release|iPhone.ActiveCfg = Release|Any CPU
		{F0B08EB5-D655-487A-B9F8-B29CF4451875}.Release|iPhone.Build.0 = Release|Any CPU
		{F0B08EB5-D655-487A-B9F8-B29CF4451875}.Release|iPhoneSimulator.ActiveCfg = Release|Any CPU
		{F0B08EB5-D655-487A-B9F8-B29CF4451875}.Release|iPhoneSimulator.Build.0 = Release|Any CPU
		{F0B08EB5-D655-487A-B9F8-B29CF4451875}.Release|x64.ActiveCfg = Release|Any CPU
		{F0B08EB5-D655-487A-B9F8-B29CF4451875}.Release|x64.Build.0 = Release|Any CPU
		{F0B08EB5-D655-487A-B9F8-B29CF4451875}.Release|x86.ActiveCfg = Release|Any CPU
		{F0B08EB5-D655-487A-B9F8-B29CF4451875}.Release|x86.Build.0 = Release|Any CPU
	EndGlobalSection
	GlobalSection(SolutionProperties) = preSolution
		HideSolutionNode = FALSE
	EndGlobalSection
	GlobalSection(NestedProjects) = preSolution
		{C293ACD5-D7DD-4F73-8604-E30031654229} = {498638CD-393B-4FD0-AA4F-70ED2445C351}
		{13DDF076-78CB-4E19-BD93-43091A092319} = {79BFAC54-32B1-4977-999F-2672ACE3185E}
		{B386CC5C-D7FE-42BD-9FFD-32F9471DBDD8} = {E5DC4A5A-DD91-4DF4-9E1E-DCE0448D80DB}
		{796B7473-23B8-445A-8FA9-525DFE9A2CE7} = {E5DC4A5A-DD91-4DF4-9E1E-DCE0448D80DB}
		{9FBE04D4-E1B8-4756-BD4B-3DB344F9F5EA} = {E5DC4A5A-DD91-4DF4-9E1E-DCE0448D80DB}
		{ECDA70EA-2968-4E02-9D31-B798FD3179DE} = {00F805D4-655D-4042-BB7E-C8C90B519D9E}
		{B821DDA1-ED82-4FB7-8A7A-91614172EE0F} = {10D0A22B-F787-4D5A-9CC1-45C785E31BA9}
		{CF0B515D-AC0D-47B5-81A0-2030D5CEE78C} = {79BFAC54-32B1-4977-999F-2672ACE3185E}
		{E5DC4A5A-DD91-4DF4-9E1E-DCE0448D80DB} = {ECDA70EA-2968-4E02-9D31-B798FD3179DE}
		{79BFAC54-32B1-4977-999F-2672ACE3185E} = {ECDA70EA-2968-4E02-9D31-B798FD3179DE}
		{10D0A22B-F787-4D5A-9CC1-45C785E31BA9} = {17645105-2918-43A8-857D-239A619C26F0}
		{EBD2FEEA-24BD-4481-9897-7D2437FD0F45} = {17645105-2918-43A8-857D-239A619C26F0}
		{F0B08EB5-D655-487A-B9F8-B29CF4451875} = {EBD2FEEA-24BD-4481-9897-7D2437FD0F45}
	EndGlobalSection
EndGlobal
